
Microsoft Visual Studio Solution File, Format Version 12.00
# Visual Studio Version 16
VisualStudioVersion = 16.0.32901.82
MinimumVisualStudioVersion = 10.0.40219.1
Project("{8BC9CEB8-8B4A-11D0-8D11-00A0C91BC942}") = "Lab11", "..\Lab11\Lab11.vcxproj", "{B2AD8BAB-3895-4935-AACA-B8A3D6B43993}"
EndProject
Project("{8BC9CEB8-8B4A-11D0-8D11-00A0C91BC942}") = "vadim_lab", "..\vadim_lab\vadim_lab.vcxproj", "{C63F7F0B-0E8E-463A-92AE-260E43607996}"
EndProject
Project("{8BC9CEB8-8B4A-11D0-8D11-00A0C91BC942}") = "nikita", "..\nikita\nikita.vcxproj", "{FCBE33AB-9576-4132-A052-59C016560361}"
EndProject
Project("{8BC9CEB8-8B4A-11D0-8D11-00A0C91BC942}") = "nikita1", "..\nikita1\nikita1.vcxproj", "{723FC530-3E4E-4BB5-BB2F-F38E3E35B20B}"
EndProject
Project("{8BC9CEB8-8B4A-11D0-8D11-00A0C91BC942}") = "vadim_10", "..\vadim_10\vadim_10.vcxproj", "{B09E440E-45CB-4B17-88EC-736A6BA6D948}"
EndProject
Project("{8BC9CEB8-8B4A-11D0-8D11-00A0C91BC942}") = "Artyom", "..\Artyom\Artyom.vcxproj", "{BF54E22D-2F69-449B-B370-171182C1D603}"
EndProject
Project("{8BC9CEB8-8B4A-11D0-8D11-00A0C91BC942}") = "vadim_linberg_12", "..\vadim_linberg_12\vadim_linberg_12.vcxproj", "{766A06A8-950C-4C56-B570-9DEFABE65384}"
EndProject
Project("{8BC9CEB8-8B4A-11D0-8D11-00A0C91BC942}") = "Lab12", "..\Lab12\Lab12.vcxproj", "{CAAB25BD-EC0B-423E-B036-08DA641F044E}"
EndProject
Project("{8BC9CEB8-8B4A-11D0-8D11-00A0C91BC942}") = "Lab13", "..\Lab13\Lab13.vcxproj", "{73530406-FC2E-40C2-80C4-B6593F485236}"
EndProject
Project("{8BC9CEB8-8B4A-11D0-8D11-00A0C91BC942}") = "Lab14", "..\Lab14\Lab14.vcxproj", "{D80C9789-D7F2-4039-A1BE-D3B1B90D04D1}"
EndProject
Project("{8BC9CEB8-8B4A-11D0-8D11-00A0C91BC942}") = "Lab15", "..\Lab15\Lab15.vcxproj", "{E872A4F1-C017-44C9-9F5A-2AB247CCBA6D}"
EndProject
Project("{8BC9CEB8-8B4A-11D0-8D11-00A0C91BC942}") = "Lab01", "..\Lab01\Lab01.vcxproj", "{631ED2CB-B949-449D-BCA1-0ACB11713906}"
EndProject
Project("{8BC9CEB8-8B4A-11D0-8D11-00A0C91BC942}") = "Lab02", "..\Lab02\Lab02.vcxproj", "{2A4E5D02-E00E-4FF6-89C2-7A724B304393}"
EndProject
Project("{8BC9CEB8-8B4A-11D0-8D11-00A0C91BC942}") = "Lab03", "Lab03\Lab03.vcxproj", "{49055360-FD72-4BCD-8BFB-665AB9608754}"
EndProject
Project("{8BC9CEB8-8B4A-11D0-8D11-00A0C91BC942}") = "Lab04", "Lab04\Lab04.vcxproj", "{C4F75934-E106-465B-BE16-30CF75180FFE}"
EndProject
Project("{8BC9CEB8-8B4A-11D0-8D11-00A0C91BC942}") = "Lab05", "Lab05\Lab05.vcxproj", "{9031DEBB-ECC2-4923-A467-ECAC314435F7}"
EndProject
Project("{8BC9CEB8-8B4A-11D0-8D11-00A0C91BC942}") = "Lab06", "Lab06\Lab06.vcxproj", "{05662824-42FA-49D5-B6A4-F9BA8B0A1C36}"
EndProject
Project("{8BC9CEB8-8B4A-11D0-8D11-00A0C91BC942}") = "maya01", "maya01\maya01.vcxproj", "{DDF07F37-AEBA-4F44-8424-4DA94B32BC6A}"
EndProject
Project("{8BC9CEB8-8B4A-11D0-8D11-00A0C91BC942}") = "maya02", "maya02\maya02.vcxproj", "{4D1CAA56-29DF-4D52-8F77-5CDDE3DAEFA2}"
EndProject
Project("{8BC9CEB8-8B4A-11D0-8D11-00A0C91BC942}") = "maya03", "maya03\maya03.vcxproj", "{542335A8-9284-4651-9181-AECBE066F58B}"
EndProject
Project("{8BC9CEB8-8B4A-11D0-8D11-00A0C91BC942}") = "Lab07", "Lab07\Lab07.vcxproj", "{514AB99C-2E0D-410F-8B2D-A0F7A7F14E7F}"
EndProject
Project("{8BC9CEB8-8B4A-11D0-8D11-00A0C91BC942}") = "Lab08", "Lab08\Lab08.vcxproj", "{5B977FBE-E322-45EF-A83F-27949DFA2985}"
EndProject
Project("{8BC9CEB8-8B4A-11D0-8D11-00A0C91BC942}") = "vena1", "vena1\vena1.vcxproj", "{6E68EC9C-157C-474D-A169-3DAE123D5D59}"
EndProject
Project("{8BC9CEB8-8B4A-11D0-8D11-00A0C91BC942}") = "denis09", "denis09\denis09.vcxproj", "{D311715B-FB62-4578-943B-32CE02458366}"
EndProject
Project("{8BC9CEB8-8B4A-11D0-8D11-00A0C91BC942}") = "denis12", "denis12\denis12.vcxproj", "{2003A646-16CA-4CE5-931C-445E2342C8A8}"
EndProject
Project("{8BC9CEB8-8B4A-11D0-8D11-00A0C91BC942}") = "Lab09", "Lab09\Lab09.vcxproj", "{FE399E3D-B368-465D-9F56-94DD5E54BAE6}"
EndProject
Project("{8BC9CEB8-8B4A-11D0-8D11-00A0C91BC942}") = "Lab10", "Lab10\Lab10.vcxproj", "{94B14E03-4CF7-4788-ABD3-8172A3B03569}"
EndProject
Project("{8BC9CEB8-8B4A-11D0-8D11-00A0C91BC942}") = "Jaha10", "Jaha10\Jaha10.vcxproj", "{DBE5F478-54AB-4E8A-B7A6-1F167CF689BF}"
EndProject
Project("{8BC9CEB8-8B4A-11D0-8D11-00A0C91BC942}") = "Dowran01", "Dowran01\Dowran01.vcxproj", "{4C6AA010-6D0E-4DAE-B671-A4FE76FC984A}"
EndProject
Project("{8BC9CEB8-8B4A-11D0-8D11-00A0C91BC942}") = "Dowran02", "Dowran02\Dowran02.vcxproj", "{AC08CA7D-7167-4C0F-8C1F-8647B40663A3}"
EndProject
Project("{8BC9CEB8-8B4A-11D0-8D11-00A0C91BC942}") = "Dowran03", "Dowran03\Dowran03.vcxproj", "{10C670F3-3C12-4CFA-8EB9-E6FD787F758D}"
EndProject
Project("{8BC9CEB8-8B4A-11D0-8D11-00A0C91BC942}") = "nikita07_19", "nikita07_19\nikita07_19.vcxproj", "{C780113B-CA9C-4EC1-9A89-4DCDC037C46A}"
EndProject
Project("{8BC9CEB8-8B4A-11D0-8D11-00A0C91BC942}") = "nikita10_19", "nikita10_19\nikita10_19.vcxproj", "{15818FC7-8952-4957-9C4B-81E63F3CF028}"
EndProject
Project("{8BC9CEB8-8B4A-11D0-8D11-00A0C91BC942}") = "nikita12_19", "nikita12_19\nikita12_19.vcxproj", "{A13807C7-E2A9-4BF1-952B-80C621524D66}"
EndProject
Project("{8BC9CEB8-8B4A-11D0-8D11-00A0C91BC942}") = "jaha10_2", "jaha10_2\jaha10_2.vcxproj", "{B441D12A-C430-4379-B92A-1FDA897C2B38}"
EndProject
Project("{8BC9CEB8-8B4A-11D0-8D11-00A0C91BC942}") = "Agajan01", "Agajan01\Agajan01.vcxproj", "{1922FB8F-1D1F-4712-81DF-1FC149324554}"
EndProject
Project("{8BC9CEB8-8B4A-11D0-8D11-00A0C91BC942}") = "Agajan02", "Agajan02\Agajan02.vcxproj", "{FB70F83E-B157-4865-A906-8CB4CA93A19F}"
EndProject
Project("{8BC9CEB8-8B4A-11D0-8D11-00A0C91BC942}") = "Agajan03", "Agajan03\Agajan03.vcxproj", "{48BB222B-7FA3-43BC-96D8-2B7957577128}"
EndProject
Project("{8BC9CEB8-8B4A-11D0-8D11-00A0C91BC942}") = "Danil10_17", "Danil10_17\Danil10_17.vcxproj", "{D9807A78-04D3-4753-9660-4A2C57DDDA3F}"
EndProject
Project("{8BC9CEB8-8B4A-11D0-8D11-00A0C91BC942}") = "Daniil12_17", "Daniil12_17\Daniil12_17.vcxproj", "{961A4A79-6C18-4E50-80EE-27771A88F8A2}"
EndProject
Project("{8BC9CEB8-8B4A-11D0-8D11-00A0C91BC942}") = "mekankr'", "mekankr'\mekankr'.vcxproj", "{5CAE44BA-80FD-48AD-8B2D-EFD44C7FA3E0}"
EndProject
Project("{8BC9CEB8-8B4A-11D0-8D11-00A0C91BC942}") = "daniil_kr_6", "daniil_kr_6\daniil_kr_6.vcxproj", "{CE6485B1-2366-47E5-949B-C6A602E39EF8}"
EndProject
Project("{8BC9CEB8-8B4A-11D0-8D11-00A0C91BC942}") = "nikita_kr_7", "nikita_kr_7\nikita_kr_7.vcxproj", "{EDD0C22F-803B-4EE5-A083-E21AFB25F53C}"
EndProject
Project("{8BC9CEB8-8B4A-11D0-8D11-00A0C91BC942}") = "Nikita_04_19", "Nikita_04_19\Nikita_04_19.vcxproj", "{1F3EEFCD-7002-4925-93C8-D259590F51C0}"
EndProject
Project("{8BC9CEB8-8B4A-11D0-8D11-00A0C91BC942}") = "Daniil09_17", "Daniil09_17\Daniil09_17.vcxproj", "{CB503C29-93BD-4A14-BDEE-6C8990B79567}"
EndProject
Project("{8BC9CEB8-8B4A-11D0-8D11-00A0C91BC942}") = "Nikita09_19", "Nikita09_19\Nikita09_19.vcxproj", "{C8617366-009D-499A-A891-3BAD03081517}"
EndProject
Project("{8BC9CEB8-8B4A-11D0-8D11-00A0C91BC942}") = "Daniil11_17", "Daniil11_17\Daniil11_17.vcxproj", "{8C2A97D3-993E-42C4-BB98-DF926003AB8F}"
EndProject
Project("{8BC9CEB8-8B4A-11D0-8D11-00A0C91BC942}") = "Arthur_hz", "Arthur_hz\Arthur_hz.vcxproj", "{E289829F-CD39-4DBB-BD42-1F099F9B4C62}"
EndProject
Project("{8BC9CEB8-8B4A-11D0-8D11-00A0C91BC942}") = "Turar_some_problem", "Turar_some_problem\Turar_some_problem.vcxproj", "{6B5A7758-9859-4E93-AD7A-45F9712EDAD1}"
EndProject
Project("{8BC9CEB8-8B4A-11D0-8D11-00A0C91BC942}") = "Maya05_01", "Maya05_01\Maya05_01.vcxproj", "{F1B33338-F0FD-41FD-8650-206D9EC812B1}"
EndProject
Project("{8BC9CEB8-8B4A-11D0-8D11-00A0C91BC942}") = "Maya06_05", "Maya06_05\Maya06_05.vcxproj", "{C392747A-4CB3-41B6-AC09-1218EF36AF29}"
EndProject
Project("{8BC9CEB8-8B4A-11D0-8D11-00A0C91BC942}") = "Arsenx_27", "Arsenx_27\Arsenx_27.vcxproj", "{9C690F97-E861-4083-A30A-6103C7A45A64}"
EndProject
Project("{8BC9CEB8-8B4A-11D0-8D11-00A0C91BC942}") = "Agajan04", "Agajan04\Agajan04.vcxproj", "{CE9689E0-6B3B-4B2F-BB7A-105B69650D48}"
EndProject
Project("{8BC9CEB8-8B4A-11D0-8D11-00A0C91BC942}") = "Agajan05", "Agajan05\Agajan05.vcxproj", "{279B58FC-DC77-465B-9606-AA6B56FBB854}"
EndProject
Project("{8BC9CEB8-8B4A-11D0-8D11-00A0C91BC942}") = "Agajan06", "Agajan06\Agajan06.vcxproj", "{325193C9-D678-419B-9F3A-4B35307DADC3}"
EndProject
Project("{8BC9CEB8-8B4A-11D0-8D11-00A0C91BC942}") = "Mekan05_01", "Mekan05_01\Mekan05_01.vcxproj", "{422BED69-D1E7-43E8-B2EC-F0A3827368E6}"
EndProject
Project("{8BC9CEB8-8B4A-11D0-8D11-00A0C91BC942}") = "Mekan03_14", "Mekan03_14\Mekan03_14.vcxproj", "{564F4DC8-2FA0-4F71-AC1C-668F7BD45D0D}"
EndProject
Project("{8BC9CEB8-8B4A-11D0-8D11-00A0C91BC942}") = "whatsapp02", "whatsapp02\whatsapp02.vcxproj", "{4A2E93DF-89C4-4154-9E36-BF24E2E11CD1}"
EndProject
Project("{8BC9CEB8-8B4A-11D0-8D11-00A0C91BC942}") = "whatsapp05", "whatsapp05\whatsapp05.vcxproj", "{300C44E6-9517-4036-9017-41FC45383EE5}"
EndProject
Project("{8BC9CEB8-8B4A-11D0-8D11-00A0C91BC942}") = "whatsapp07", "whatsapp07\whatsapp07.vcxproj", "{8CB78419-E37F-4235-A7AE-D75A402F80B0}"
EndProject
Project("{8BC9CEB8-8B4A-11D0-8D11-00A0C91BC942}") = "whatsapp09", "whatsapp09\whatsapp09.vcxproj", "{4BEB0099-BF7B-4785-A931-A5C1D5EA4637}"
EndProject
Project("{8BC9CEB8-8B4A-11D0-8D11-00A0C91BC942}") = "whatsapp08", "whatsapp08\whatsapp08.vcxproj", "{3941438D-60B0-47E2-A8D2-B36BD0E1D692}"
EndProject
Project("{8BC9CEB8-8B4A-11D0-8D11-00A0C91BC942}") = "Agajan07", "Agajan07\Agajan07.vcxproj", "{F96FD9D1-FC2C-4137-B9F4-548D5522C8E6}"
EndProject
Project("{8BC9CEB8-8B4A-11D0-8D11-00A0C91BC942}") = "Daniil14_17", "Daniil14_17\Daniil14_17.vcxproj", "{BA790E90-4E42-4CF5-A206-DF1644A61EF3}"
EndProject
Project("{8BC9CEB8-8B4A-11D0-8D11-00A0C91BC942}") = "Daniil13_17", "Daniil13_17\Daniil13_17.vcxproj", "{D5495EF9-04D1-44DC-A566-FCA8E0DC4A55}"
EndProject
Project("{8BC9CEB8-8B4A-11D0-8D11-00A0C91BC942}") = "Mekan_02", "Mekan_02\Mekan_02.vcxproj", "{E0F403B1-FD1E-4EF1-8123-AFCC65462E68}"
EndProject
Project("{8BC9CEB8-8B4A-11D0-8D11-00A0C91BC942}") = "Mekan06_14", "Mekan06_14\Mekan06_14.vcxproj", "{ADA8AD05-9A14-41D9-9205-39C664DC27DF}"
EndProject
Project("{8BC9CEB8-8B4A-11D0-8D11-00A0C91BC942}") = "Mekan07_14", "Mekan07_14\Mekan07_14.vcxproj", "{132AC1B6-BEF0-4BC1-B8F8-CE4CDCA2CA6F}"
EndProject
Global
	GlobalSection(SolutionConfigurationPlatforms) = preSolution
		Debug|x64 = Debug|x64
		Debug|x86 = Debug|x86
		Release|x64 = Release|x64
		Release|x86 = Release|x86
	EndGlobalSection
	GlobalSection(ProjectConfigurationPlatforms) = postSolution
		{B2AD8BAB-3895-4935-AACA-B8A3D6B43993}.Debug|x64.ActiveCfg = Debug|x64
		{B2AD8BAB-3895-4935-AACA-B8A3D6B43993}.Debug|x64.Build.0 = Debug|x64
		{B2AD8BAB-3895-4935-AACA-B8A3D6B43993}.Debug|x86.ActiveCfg = Debug|Win32
		{B2AD8BAB-3895-4935-AACA-B8A3D6B43993}.Debug|x86.Build.0 = Debug|Win32
		{B2AD8BAB-3895-4935-AACA-B8A3D6B43993}.Release|x64.ActiveCfg = Release|x64
		{B2AD8BAB-3895-4935-AACA-B8A3D6B43993}.Release|x64.Build.0 = Release|x64
		{B2AD8BAB-3895-4935-AACA-B8A3D6B43993}.Release|x86.ActiveCfg = Release|Win32
		{B2AD8BAB-3895-4935-AACA-B8A3D6B43993}.Release|x86.Build.0 = Release|Win32
		{C63F7F0B-0E8E-463A-92AE-260E43607996}.Debug|x64.ActiveCfg = Debug|x64
		{C63F7F0B-0E8E-463A-92AE-260E43607996}.Debug|x64.Build.0 = Debug|x64
		{C63F7F0B-0E8E-463A-92AE-260E43607996}.Debug|x86.ActiveCfg = Debug|Win32
		{C63F7F0B-0E8E-463A-92AE-260E43607996}.Debug|x86.Build.0 = Debug|Win32
		{C63F7F0B-0E8E-463A-92AE-260E43607996}.Release|x64.ActiveCfg = Release|x64
		{C63F7F0B-0E8E-463A-92AE-260E43607996}.Release|x64.Build.0 = Release|x64
		{C63F7F0B-0E8E-463A-92AE-260E43607996}.Release|x86.ActiveCfg = Release|Win32
		{C63F7F0B-0E8E-463A-92AE-260E43607996}.Release|x86.Build.0 = Release|Win32
		{FCBE33AB-9576-4132-A052-59C016560361}.Debug|x64.ActiveCfg = Debug|x64
		{FCBE33AB-9576-4132-A052-59C016560361}.Debug|x64.Build.0 = Debug|x64
		{FCBE33AB-9576-4132-A052-59C016560361}.Debug|x86.ActiveCfg = Debug|Win32
		{FCBE33AB-9576-4132-A052-59C016560361}.Debug|x86.Build.0 = Debug|Win32
		{FCBE33AB-9576-4132-A052-59C016560361}.Release|x64.ActiveCfg = Release|x64
		{FCBE33AB-9576-4132-A052-59C016560361}.Release|x64.Build.0 = Release|x64
		{FCBE33AB-9576-4132-A052-59C016560361}.Release|x86.ActiveCfg = Release|Win32
		{FCBE33AB-9576-4132-A052-59C016560361}.Release|x86.Build.0 = Release|Win32
		{723FC530-3E4E-4BB5-BB2F-F38E3E35B20B}.Debug|x64.ActiveCfg = Debug|x64
		{723FC530-3E4E-4BB5-BB2F-F38E3E35B20B}.Debug|x64.Build.0 = Debug|x64
		{723FC530-3E4E-4BB5-BB2F-F38E3E35B20B}.Debug|x86.ActiveCfg = Debug|Win32
		{723FC530-3E4E-4BB5-BB2F-F38E3E35B20B}.Debug|x86.Build.0 = Debug|Win32
		{723FC530-3E4E-4BB5-BB2F-F38E3E35B20B}.Release|x64.ActiveCfg = Release|x64
		{723FC530-3E4E-4BB5-BB2F-F38E3E35B20B}.Release|x64.Build.0 = Release|x64
		{723FC530-3E4E-4BB5-BB2F-F38E3E35B20B}.Release|x86.ActiveCfg = Release|Win32
		{723FC530-3E4E-4BB5-BB2F-F38E3E35B20B}.Release|x86.Build.0 = Release|Win32
		{B09E440E-45CB-4B17-88EC-736A6BA6D948}.Debug|x64.ActiveCfg = Debug|x64
		{B09E440E-45CB-4B17-88EC-736A6BA6D948}.Debug|x64.Build.0 = Debug|x64
		{B09E440E-45CB-4B17-88EC-736A6BA6D948}.Debug|x86.ActiveCfg = Debug|Win32
		{B09E440E-45CB-4B17-88EC-736A6BA6D948}.Debug|x86.Build.0 = Debug|Win32
		{B09E440E-45CB-4B17-88EC-736A6BA6D948}.Release|x64.ActiveCfg = Release|x64
		{B09E440E-45CB-4B17-88EC-736A6BA6D948}.Release|x64.Build.0 = Release|x64
		{B09E440E-45CB-4B17-88EC-736A6BA6D948}.Release|x86.ActiveCfg = Release|Win32
		{B09E440E-45CB-4B17-88EC-736A6BA6D948}.Release|x86.Build.0 = Release|Win32
		{BF54E22D-2F69-449B-B370-171182C1D603}.Debug|x64.ActiveCfg = Debug|x64
		{BF54E22D-2F69-449B-B370-171182C1D603}.Debug|x64.Build.0 = Debug|x64
		{BF54E22D-2F69-449B-B370-171182C1D603}.Debug|x86.ActiveCfg = Debug|Win32
		{BF54E22D-2F69-449B-B370-171182C1D603}.Debug|x86.Build.0 = Debug|Win32
		{BF54E22D-2F69-449B-B370-171182C1D603}.Release|x64.ActiveCfg = Release|x64
		{BF54E22D-2F69-449B-B370-171182C1D603}.Release|x64.Build.0 = Release|x64
		{BF54E22D-2F69-449B-B370-171182C1D603}.Release|x86.ActiveCfg = Release|Win32
		{BF54E22D-2F69-449B-B370-171182C1D603}.Release|x86.Build.0 = Release|Win32
		{766A06A8-950C-4C56-B570-9DEFABE65384}.Debug|x64.ActiveCfg = Debug|x64
		{766A06A8-950C-4C56-B570-9DEFABE65384}.Debug|x64.Build.0 = Debug|x64
		{766A06A8-950C-4C56-B570-9DEFABE65384}.Debug|x86.ActiveCfg = Debug|Win32
		{766A06A8-950C-4C56-B570-9DEFABE65384}.Debug|x86.Build.0 = Debug|Win32
		{766A06A8-950C-4C56-B570-9DEFABE65384}.Release|x64.ActiveCfg = Release|x64
		{766A06A8-950C-4C56-B570-9DEFABE65384}.Release|x64.Build.0 = Release|x64
		{766A06A8-950C-4C56-B570-9DEFABE65384}.Release|x86.ActiveCfg = Release|Win32
		{766A06A8-950C-4C56-B570-9DEFABE65384}.Release|x86.Build.0 = Release|Win32
		{CAAB25BD-EC0B-423E-B036-08DA641F044E}.Debug|x64.ActiveCfg = Debug|x64
		{CAAB25BD-EC0B-423E-B036-08DA641F044E}.Debug|x64.Build.0 = Debug|x64
		{CAAB25BD-EC0B-423E-B036-08DA641F044E}.Debug|x86.ActiveCfg = Debug|Win32
		{CAAB25BD-EC0B-423E-B036-08DA641F044E}.Debug|x86.Build.0 = Debug|Win32
		{CAAB25BD-EC0B-423E-B036-08DA641F044E}.Release|x64.ActiveCfg = Release|x64
		{CAAB25BD-EC0B-423E-B036-08DA641F044E}.Release|x64.Build.0 = Release|x64
		{CAAB25BD-EC0B-423E-B036-08DA641F044E}.Release|x86.ActiveCfg = Release|Win32
		{CAAB25BD-EC0B-423E-B036-08DA641F044E}.Release|x86.Build.0 = Release|Win32
		{73530406-FC2E-40C2-80C4-B6593F485236}.Debug|x64.ActiveCfg = Debug|x64
		{73530406-FC2E-40C2-80C4-B6593F485236}.Debug|x64.Build.0 = Debug|x64
		{73530406-FC2E-40C2-80C4-B6593F485236}.Debug|x86.ActiveCfg = Debug|Win32
		{73530406-FC2E-40C2-80C4-B6593F485236}.Debug|x86.Build.0 = Debug|Win32
		{73530406-FC2E-40C2-80C4-B6593F485236}.Release|x64.ActiveCfg = Release|x64
		{73530406-FC2E-40C2-80C4-B6593F485236}.Release|x64.Build.0 = Release|x64
		{73530406-FC2E-40C2-80C4-B6593F485236}.Release|x86.ActiveCfg = Release|Win32
		{73530406-FC2E-40C2-80C4-B6593F485236}.Release|x86.Build.0 = Release|Win32
		{D80C9789-D7F2-4039-A1BE-D3B1B90D04D1}.Debug|x64.ActiveCfg = Debug|x64
		{D80C9789-D7F2-4039-A1BE-D3B1B90D04D1}.Debug|x64.Build.0 = Debug|x64
		{D80C9789-D7F2-4039-A1BE-D3B1B90D04D1}.Debug|x86.ActiveCfg = Debug|Win32
		{D80C9789-D7F2-4039-A1BE-D3B1B90D04D1}.Debug|x86.Build.0 = Debug|Win32
		{D80C9789-D7F2-4039-A1BE-D3B1B90D04D1}.Release|x64.ActiveCfg = Release|x64
		{D80C9789-D7F2-4039-A1BE-D3B1B90D04D1}.Release|x64.Build.0 = Release|x64
		{D80C9789-D7F2-4039-A1BE-D3B1B90D04D1}.Release|x86.ActiveCfg = Release|Win32
		{D80C9789-D7F2-4039-A1BE-D3B1B90D04D1}.Release|x86.Build.0 = Release|Win32
		{E872A4F1-C017-44C9-9F5A-2AB247CCBA6D}.Debug|x64.ActiveCfg = Debug|x64
		{E872A4F1-C017-44C9-9F5A-2AB247CCBA6D}.Debug|x64.Build.0 = Debug|x64
		{E872A4F1-C017-44C9-9F5A-2AB247CCBA6D}.Debug|x86.ActiveCfg = Debug|Win32
		{E872A4F1-C017-44C9-9F5A-2AB247CCBA6D}.Debug|x86.Build.0 = Debug|Win32
		{E872A4F1-C017-44C9-9F5A-2AB247CCBA6D}.Release|x64.ActiveCfg = Release|x64
		{E872A4F1-C017-44C9-9F5A-2AB247CCBA6D}.Release|x64.Build.0 = Release|x64
		{E872A4F1-C017-44C9-9F5A-2AB247CCBA6D}.Release|x86.ActiveCfg = Release|Win32
		{E872A4F1-C017-44C9-9F5A-2AB247CCBA6D}.Release|x86.Build.0 = Release|Win32
		{631ED2CB-B949-449D-BCA1-0ACB11713906}.Debug|x64.ActiveCfg = Debug|x64
		{631ED2CB-B949-449D-BCA1-0ACB11713906}.Debug|x64.Build.0 = Debug|x64
		{631ED2CB-B949-449D-BCA1-0ACB11713906}.Debug|x86.ActiveCfg = Debug|Win32
		{631ED2CB-B949-449D-BCA1-0ACB11713906}.Debug|x86.Build.0 = Debug|Win32
		{631ED2CB-B949-449D-BCA1-0ACB11713906}.Release|x64.ActiveCfg = Release|x64
		{631ED2CB-B949-449D-BCA1-0ACB11713906}.Release|x64.Build.0 = Release|x64
		{631ED2CB-B949-449D-BCA1-0ACB11713906}.Release|x86.ActiveCfg = Release|Win32
		{631ED2CB-B949-449D-BCA1-0ACB11713906}.Release|x86.Build.0 = Release|Win32
		{2A4E5D02-E00E-4FF6-89C2-7A724B304393}.Debug|x64.ActiveCfg = Debug|x64
		{2A4E5D02-E00E-4FF6-89C2-7A724B304393}.Debug|x64.Build.0 = Debug|x64
		{2A4E5D02-E00E-4FF6-89C2-7A724B304393}.Debug|x86.ActiveCfg = Debug|Win32
		{2A4E5D02-E00E-4FF6-89C2-7A724B304393}.Debug|x86.Build.0 = Debug|Win32
		{2A4E5D02-E00E-4FF6-89C2-7A724B304393}.Release|x64.ActiveCfg = Release|x64
		{2A4E5D02-E00E-4FF6-89C2-7A724B304393}.Release|x64.Build.0 = Release|x64
		{2A4E5D02-E00E-4FF6-89C2-7A724B304393}.Release|x86.ActiveCfg = Release|Win32
		{2A4E5D02-E00E-4FF6-89C2-7A724B304393}.Release|x86.Build.0 = Release|Win32
		{49055360-FD72-4BCD-8BFB-665AB9608754}.Debug|x64.ActiveCfg = Debug|x64
		{49055360-FD72-4BCD-8BFB-665AB9608754}.Debug|x64.Build.0 = Debug|x64
		{49055360-FD72-4BCD-8BFB-665AB9608754}.Debug|x86.ActiveCfg = Debug|Win32
		{49055360-FD72-4BCD-8BFB-665AB9608754}.Debug|x86.Build.0 = Debug|Win32
		{49055360-FD72-4BCD-8BFB-665AB9608754}.Release|x64.ActiveCfg = Release|x64
		{49055360-FD72-4BCD-8BFB-665AB9608754}.Release|x64.Build.0 = Release|x64
		{49055360-FD72-4BCD-8BFB-665AB9608754}.Release|x86.ActiveCfg = Release|Win32
		{49055360-FD72-4BCD-8BFB-665AB9608754}.Release|x86.Build.0 = Release|Win32
		{C4F75934-E106-465B-BE16-30CF75180FFE}.Debug|x64.ActiveCfg = Debug|x64
		{C4F75934-E106-465B-BE16-30CF75180FFE}.Debug|x64.Build.0 = Debug|x64
		{C4F75934-E106-465B-BE16-30CF75180FFE}.Debug|x86.ActiveCfg = Debug|Win32
		{C4F75934-E106-465B-BE16-30CF75180FFE}.Debug|x86.Build.0 = Debug|Win32
		{C4F75934-E106-465B-BE16-30CF75180FFE}.Release|x64.ActiveCfg = Release|x64
		{C4F75934-E106-465B-BE16-30CF75180FFE}.Release|x64.Build.0 = Release|x64
		{C4F75934-E106-465B-BE16-30CF75180FFE}.Release|x86.ActiveCfg = Release|Win32
		{C4F75934-E106-465B-BE16-30CF75180FFE}.Release|x86.Build.0 = Release|Win32
		{9031DEBB-ECC2-4923-A467-ECAC314435F7}.Debug|x64.ActiveCfg = Debug|x64
		{9031DEBB-ECC2-4923-A467-ECAC314435F7}.Debug|x64.Build.0 = Debug|x64
		{9031DEBB-ECC2-4923-A467-ECAC314435F7}.Debug|x86.ActiveCfg = Debug|Win32
		{9031DEBB-ECC2-4923-A467-ECAC314435F7}.Debug|x86.Build.0 = Debug|Win32
		{9031DEBB-ECC2-4923-A467-ECAC314435F7}.Release|x64.ActiveCfg = Release|x64
		{9031DEBB-ECC2-4923-A467-ECAC314435F7}.Release|x64.Build.0 = Release|x64
		{9031DEBB-ECC2-4923-A467-ECAC314435F7}.Release|x86.ActiveCfg = Release|Win32
		{9031DEBB-ECC2-4923-A467-ECAC314435F7}.Release|x86.Build.0 = Release|Win32
		{05662824-42FA-49D5-B6A4-F9BA8B0A1C36}.Debug|x64.ActiveCfg = Debug|x64
		{05662824-42FA-49D5-B6A4-F9BA8B0A1C36}.Debug|x64.Build.0 = Debug|x64
		{05662824-42FA-49D5-B6A4-F9BA8B0A1C36}.Debug|x86.ActiveCfg = Debug|Win32
		{05662824-42FA-49D5-B6A4-F9BA8B0A1C36}.Debug|x86.Build.0 = Debug|Win32
		{05662824-42FA-49D5-B6A4-F9BA8B0A1C36}.Release|x64.ActiveCfg = Release|x64
		{05662824-42FA-49D5-B6A4-F9BA8B0A1C36}.Release|x64.Build.0 = Release|x64
		{05662824-42FA-49D5-B6A4-F9BA8B0A1C36}.Release|x86.ActiveCfg = Release|Win32
		{05662824-42FA-49D5-B6A4-F9BA8B0A1C36}.Release|x86.Build.0 = Release|Win32
		{DDF07F37-AEBA-4F44-8424-4DA94B32BC6A}.Debug|x64.ActiveCfg = Debug|x64
		{DDF07F37-AEBA-4F44-8424-4DA94B32BC6A}.Debug|x64.Build.0 = Debug|x64
		{DDF07F37-AEBA-4F44-8424-4DA94B32BC6A}.Debug|x86.ActiveCfg = Debug|Win32
		{DDF07F37-AEBA-4F44-8424-4DA94B32BC6A}.Debug|x86.Build.0 = Debug|Win32
		{DDF07F37-AEBA-4F44-8424-4DA94B32BC6A}.Release|x64.ActiveCfg = Release|x64
		{DDF07F37-AEBA-4F44-8424-4DA94B32BC6A}.Release|x64.Build.0 = Release|x64
		{DDF07F37-AEBA-4F44-8424-4DA94B32BC6A}.Release|x86.ActiveCfg = Release|Win32
		{DDF07F37-AEBA-4F44-8424-4DA94B32BC6A}.Release|x86.Build.0 = Release|Win32
		{4D1CAA56-29DF-4D52-8F77-5CDDE3DAEFA2}.Debug|x64.ActiveCfg = Debug|x64
		{4D1CAA56-29DF-4D52-8F77-5CDDE3DAEFA2}.Debug|x64.Build.0 = Debug|x64
		{4D1CAA56-29DF-4D52-8F77-5CDDE3DAEFA2}.Debug|x86.ActiveCfg = Debug|Win32
		{4D1CAA56-29DF-4D52-8F77-5CDDE3DAEFA2}.Debug|x86.Build.0 = Debug|Win32
		{4D1CAA56-29DF-4D52-8F77-5CDDE3DAEFA2}.Release|x64.ActiveCfg = Release|x64
		{4D1CAA56-29DF-4D52-8F77-5CDDE3DAEFA2}.Release|x64.Build.0 = Release|x64
		{4D1CAA56-29DF-4D52-8F77-5CDDE3DAEFA2}.Release|x86.ActiveCfg = Release|Win32
		{4D1CAA56-29DF-4D52-8F77-5CDDE3DAEFA2}.Release|x86.Build.0 = Release|Win32
		{542335A8-9284-4651-9181-AECBE066F58B}.Debug|x64.ActiveCfg = Debug|x64
		{542335A8-9284-4651-9181-AECBE066F58B}.Debug|x64.Build.0 = Debug|x64
		{542335A8-9284-4651-9181-AECBE066F58B}.Debug|x86.ActiveCfg = Debug|Win32
		{542335A8-9284-4651-9181-AECBE066F58B}.Debug|x86.Build.0 = Debug|Win32
		{542335A8-9284-4651-9181-AECBE066F58B}.Release|x64.ActiveCfg = Release|x64
		{542335A8-9284-4651-9181-AECBE066F58B}.Release|x64.Build.0 = Release|x64
		{542335A8-9284-4651-9181-AECBE066F58B}.Release|x86.ActiveCfg = Release|Win32
		{542335A8-9284-4651-9181-AECBE066F58B}.Release|x86.Build.0 = Release|Win32
		{514AB99C-2E0D-410F-8B2D-A0F7A7F14E7F}.Debug|x64.ActiveCfg = Debug|x64
		{514AB99C-2E0D-410F-8B2D-A0F7A7F14E7F}.Debug|x64.Build.0 = Debug|x64
		{514AB99C-2E0D-410F-8B2D-A0F7A7F14E7F}.Debug|x86.ActiveCfg = Debug|Win32
		{514AB99C-2E0D-410F-8B2D-A0F7A7F14E7F}.Debug|x86.Build.0 = Debug|Win32
		{514AB99C-2E0D-410F-8B2D-A0F7A7F14E7F}.Release|x64.ActiveCfg = Release|x64
		{514AB99C-2E0D-410F-8B2D-A0F7A7F14E7F}.Release|x64.Build.0 = Release|x64
		{514AB99C-2E0D-410F-8B2D-A0F7A7F14E7F}.Release|x86.ActiveCfg = Release|Win32
		{514AB99C-2E0D-410F-8B2D-A0F7A7F14E7F}.Release|x86.Build.0 = Release|Win32
		{5B977FBE-E322-45EF-A83F-27949DFA2985}.Debug|x64.ActiveCfg = Debug|x64
		{5B977FBE-E322-45EF-A83F-27949DFA2985}.Debug|x64.Build.0 = Debug|x64
		{5B977FBE-E322-45EF-A83F-27949DFA2985}.Debug|x86.ActiveCfg = Debug|Win32
		{5B977FBE-E322-45EF-A83F-27949DFA2985}.Debug|x86.Build.0 = Debug|Win32
		{5B977FBE-E322-45EF-A83F-27949DFA2985}.Release|x64.ActiveCfg = Release|x64
		{5B977FBE-E322-45EF-A83F-27949DFA2985}.Release|x64.Build.0 = Release|x64
		{5B977FBE-E322-45EF-A83F-27949DFA2985}.Release|x86.ActiveCfg = Release|Win32
		{5B977FBE-E322-45EF-A83F-27949DFA2985}.Release|x86.Build.0 = Release|Win32
		{6E68EC9C-157C-474D-A169-3DAE123D5D59}.Debug|x64.ActiveCfg = Debug|x64
		{6E68EC9C-157C-474D-A169-3DAE123D5D59}.Debug|x64.Build.0 = Debug|x64
		{6E68EC9C-157C-474D-A169-3DAE123D5D59}.Debug|x86.ActiveCfg = Debug|Win32
		{6E68EC9C-157C-474D-A169-3DAE123D5D59}.Debug|x86.Build.0 = Debug|Win32
		{6E68EC9C-157C-474D-A169-3DAE123D5D59}.Release|x64.ActiveCfg = Release|x64
		{6E68EC9C-157C-474D-A169-3DAE123D5D59}.Release|x64.Build.0 = Release|x64
		{6E68EC9C-157C-474D-A169-3DAE123D5D59}.Release|x86.ActiveCfg = Release|Win32
		{6E68EC9C-157C-474D-A169-3DAE123D5D59}.Release|x86.Build.0 = Release|Win32
		{D311715B-FB62-4578-943B-32CE02458366}.Debug|x64.ActiveCfg = Debug|x64
		{D311715B-FB62-4578-943B-32CE02458366}.Debug|x64.Build.0 = Debug|x64
		{D311715B-FB62-4578-943B-32CE02458366}.Debug|x86.ActiveCfg = Debug|Win32
		{D311715B-FB62-4578-943B-32CE02458366}.Debug|x86.Build.0 = Debug|Win32
		{D311715B-FB62-4578-943B-32CE02458366}.Release|x64.ActiveCfg = Release|x64
		{D311715B-FB62-4578-943B-32CE02458366}.Release|x64.Build.0 = Release|x64
		{D311715B-FB62-4578-943B-32CE02458366}.Release|x86.ActiveCfg = Release|Win32
		{D311715B-FB62-4578-943B-32CE02458366}.Release|x86.Build.0 = Release|Win32
		{2003A646-16CA-4CE5-931C-445E2342C8A8}.Debug|x64.ActiveCfg = Debug|x64
		{2003A646-16CA-4CE5-931C-445E2342C8A8}.Debug|x64.Build.0 = Debug|x64
		{2003A646-16CA-4CE5-931C-445E2342C8A8}.Debug|x86.ActiveCfg = Debug|Win32
		{2003A646-16CA-4CE5-931C-445E2342C8A8}.Debug|x86.Build.0 = Debug|Win32
		{2003A646-16CA-4CE5-931C-445E2342C8A8}.Release|x64.ActiveCfg = Release|x64
		{2003A646-16CA-4CE5-931C-445E2342C8A8}.Release|x64.Build.0 = Release|x64
		{2003A646-16CA-4CE5-931C-445E2342C8A8}.Release|x86.ActiveCfg = Release|Win32
		{2003A646-16CA-4CE5-931C-445E2342C8A8}.Release|x86.Build.0 = Release|Win32
		{FE399E3D-B368-465D-9F56-94DD5E54BAE6}.Debug|x64.ActiveCfg = Debug|x64
		{FE399E3D-B368-465D-9F56-94DD5E54BAE6}.Debug|x64.Build.0 = Debug|x64
		{FE399E3D-B368-465D-9F56-94DD5E54BAE6}.Debug|x86.ActiveCfg = Debug|Win32
		{FE399E3D-B368-465D-9F56-94DD5E54BAE6}.Debug|x86.Build.0 = Debug|Win32
		{FE399E3D-B368-465D-9F56-94DD5E54BAE6}.Release|x64.ActiveCfg = Release|x64
		{FE399E3D-B368-465D-9F56-94DD5E54BAE6}.Release|x64.Build.0 = Release|x64
		{FE399E3D-B368-465D-9F56-94DD5E54BAE6}.Release|x86.ActiveCfg = Release|Win32
		{FE399E3D-B368-465D-9F56-94DD5E54BAE6}.Release|x86.Build.0 = Release|Win32
		{94B14E03-4CF7-4788-ABD3-8172A3B03569}.Debug|x64.ActiveCfg = Debug|x64
		{94B14E03-4CF7-4788-ABD3-8172A3B03569}.Debug|x64.Build.0 = Debug|x64
		{94B14E03-4CF7-4788-ABD3-8172A3B03569}.Debug|x86.ActiveCfg = Debug|Win32
		{94B14E03-4CF7-4788-ABD3-8172A3B03569}.Debug|x86.Build.0 = Debug|Win32
		{94B14E03-4CF7-4788-ABD3-8172A3B03569}.Release|x64.ActiveCfg = Release|x64
		{94B14E03-4CF7-4788-ABD3-8172A3B03569}.Release|x64.Build.0 = Release|x64
		{94B14E03-4CF7-4788-ABD3-8172A3B03569}.Release|x86.ActiveCfg = Release|Win32
		{94B14E03-4CF7-4788-ABD3-8172A3B03569}.Release|x86.Build.0 = Release|Win32
		{DBE5F478-54AB-4E8A-B7A6-1F167CF689BF}.Debug|x64.ActiveCfg = Debug|x64
		{DBE5F478-54AB-4E8A-B7A6-1F167CF689BF}.Debug|x64.Build.0 = Debug|x64
		{DBE5F478-54AB-4E8A-B7A6-1F167CF689BF}.Debug|x86.ActiveCfg = Debug|Win32
		{DBE5F478-54AB-4E8A-B7A6-1F167CF689BF}.Debug|x86.Build.0 = Debug|Win32
		{DBE5F478-54AB-4E8A-B7A6-1F167CF689BF}.Release|x64.ActiveCfg = Release|x64
		{DBE5F478-54AB-4E8A-B7A6-1F167CF689BF}.Release|x64.Build.0 = Release|x64
		{DBE5F478-54AB-4E8A-B7A6-1F167CF689BF}.Release|x86.ActiveCfg = Release|Win32
		{DBE5F478-54AB-4E8A-B7A6-1F167CF689BF}.Release|x86.Build.0 = Release|Win32
		{4C6AA010-6D0E-4DAE-B671-A4FE76FC984A}.Debug|x64.ActiveCfg = Debug|x64
		{4C6AA010-6D0E-4DAE-B671-A4FE76FC984A}.Debug|x64.Build.0 = Debug|x64
		{4C6AA010-6D0E-4DAE-B671-A4FE76FC984A}.Debug|x86.ActiveCfg = Debug|Win32
		{4C6AA010-6D0E-4DAE-B671-A4FE76FC984A}.Debug|x86.Build.0 = Debug|Win32
		{4C6AA010-6D0E-4DAE-B671-A4FE76FC984A}.Release|x64.ActiveCfg = Release|x64
		{4C6AA010-6D0E-4DAE-B671-A4FE76FC984A}.Release|x64.Build.0 = Release|x64
		{4C6AA010-6D0E-4DAE-B671-A4FE76FC984A}.Release|x86.ActiveCfg = Release|Win32
		{4C6AA010-6D0E-4DAE-B671-A4FE76FC984A}.Release|x86.Build.0 = Release|Win32
		{AC08CA7D-7167-4C0F-8C1F-8647B40663A3}.Debug|x64.ActiveCfg = Debug|x64
		{AC08CA7D-7167-4C0F-8C1F-8647B40663A3}.Debug|x64.Build.0 = Debug|x64
		{AC08CA7D-7167-4C0F-8C1F-8647B40663A3}.Debug|x86.ActiveCfg = Debug|Win32
		{AC08CA7D-7167-4C0F-8C1F-8647B40663A3}.Debug|x86.Build.0 = Debug|Win32
		{AC08CA7D-7167-4C0F-8C1F-8647B40663A3}.Release|x64.ActiveCfg = Release|x64
		{AC08CA7D-7167-4C0F-8C1F-8647B40663A3}.Release|x64.Build.0 = Release|x64
		{AC08CA7D-7167-4C0F-8C1F-8647B40663A3}.Release|x86.ActiveCfg = Release|Win32
		{AC08CA7D-7167-4C0F-8C1F-8647B40663A3}.Release|x86.Build.0 = Release|Win32
		{10C670F3-3C12-4CFA-8EB9-E6FD787F758D}.Debug|x64.ActiveCfg = Debug|x64
		{10C670F3-3C12-4CFA-8EB9-E6FD787F758D}.Debug|x64.Build.0 = Debug|x64
		{10C670F3-3C12-4CFA-8EB9-E6FD787F758D}.Debug|x86.ActiveCfg = Debug|Win32
		{10C670F3-3C12-4CFA-8EB9-E6FD787F758D}.Debug|x86.Build.0 = Debug|Win32
		{10C670F3-3C12-4CFA-8EB9-E6FD787F758D}.Release|x64.ActiveCfg = Release|x64
		{10C670F3-3C12-4CFA-8EB9-E6FD787F758D}.Release|x64.Build.0 = Release|x64
		{10C670F3-3C12-4CFA-8EB9-E6FD787F758D}.Release|x86.ActiveCfg = Release|Win32
		{10C670F3-3C12-4CFA-8EB9-E6FD787F758D}.Release|x86.Build.0 = Release|Win32
		{C780113B-CA9C-4EC1-9A89-4DCDC037C46A}.Debug|x64.ActiveCfg = Debug|x64
		{C780113B-CA9C-4EC1-9A89-4DCDC037C46A}.Debug|x64.Build.0 = Debug|x64
		{C780113B-CA9C-4EC1-9A89-4DCDC037C46A}.Debug|x86.ActiveCfg = Debug|Win32
		{C780113B-CA9C-4EC1-9A89-4DCDC037C46A}.Debug|x86.Build.0 = Debug|Win32
		{C780113B-CA9C-4EC1-9A89-4DCDC037C46A}.Release|x64.ActiveCfg = Release|x64
		{C780113B-CA9C-4EC1-9A89-4DCDC037C46A}.Release|x64.Build.0 = Release|x64
		{C780113B-CA9C-4EC1-9A89-4DCDC037C46A}.Release|x86.ActiveCfg = Release|Win32
		{C780113B-CA9C-4EC1-9A89-4DCDC037C46A}.Release|x86.Build.0 = Release|Win32
		{15818FC7-8952-4957-9C4B-81E63F3CF028}.Debug|x64.ActiveCfg = Debug|x64
		{15818FC7-8952-4957-9C4B-81E63F3CF028}.Debug|x64.Build.0 = Debug|x64
		{15818FC7-8952-4957-9C4B-81E63F3CF028}.Debug|x86.ActiveCfg = Debug|Win32
		{15818FC7-8952-4957-9C4B-81E63F3CF028}.Debug|x86.Build.0 = Debug|Win32
		{15818FC7-8952-4957-9C4B-81E63F3CF028}.Release|x64.ActiveCfg = Release|x64
		{15818FC7-8952-4957-9C4B-81E63F3CF028}.Release|x64.Build.0 = Release|x64
		{15818FC7-8952-4957-9C4B-81E63F3CF028}.Release|x86.ActiveCfg = Release|Win32
		{15818FC7-8952-4957-9C4B-81E63F3CF028}.Release|x86.Build.0 = Release|Win32
		{A13807C7-E2A9-4BF1-952B-80C621524D66}.Debug|x64.ActiveCfg = Debug|x64
		{A13807C7-E2A9-4BF1-952B-80C621524D66}.Debug|x64.Build.0 = Debug|x64
		{A13807C7-E2A9-4BF1-952B-80C621524D66}.Debug|x86.ActiveCfg = Debug|Win32
		{A13807C7-E2A9-4BF1-952B-80C621524D66}.Debug|x86.Build.0 = Debug|Win32
		{A13807C7-E2A9-4BF1-952B-80C621524D66}.Release|x64.ActiveCfg = Release|x64
		{A13807C7-E2A9-4BF1-952B-80C621524D66}.Release|x64.Build.0 = Release|x64
		{A13807C7-E2A9-4BF1-952B-80C621524D66}.Release|x86.ActiveCfg = Release|Win32
		{A13807C7-E2A9-4BF1-952B-80C621524D66}.Release|x86.Build.0 = Release|Win32
		{B441D12A-C430-4379-B92A-1FDA897C2B38}.Debug|x64.ActiveCfg = Debug|x64
		{B441D12A-C430-4379-B92A-1FDA897C2B38}.Debug|x64.Build.0 = Debug|x64
		{B441D12A-C430-4379-B92A-1FDA897C2B38}.Debug|x86.ActiveCfg = Debug|Win32
		{B441D12A-C430-4379-B92A-1FDA897C2B38}.Debug|x86.Build.0 = Debug|Win32
		{B441D12A-C430-4379-B92A-1FDA897C2B38}.Release|x64.ActiveCfg = Release|x64
		{B441D12A-C430-4379-B92A-1FDA897C2B38}.Release|x64.Build.0 = Release|x64
		{B441D12A-C430-4379-B92A-1FDA897C2B38}.Release|x86.ActiveCfg = Release|Win32
		{B441D12A-C430-4379-B92A-1FDA897C2B38}.Release|x86.Build.0 = Release|Win32
		{1922FB8F-1D1F-4712-81DF-1FC149324554}.Debug|x64.ActiveCfg = Debug|x64
		{1922FB8F-1D1F-4712-81DF-1FC149324554}.Debug|x64.Build.0 = Debug|x64
		{1922FB8F-1D1F-4712-81DF-1FC149324554}.Debug|x86.ActiveCfg = Debug|Win32
		{1922FB8F-1D1F-4712-81DF-1FC149324554}.Debug|x86.Build.0 = Debug|Win32
		{1922FB8F-1D1F-4712-81DF-1FC149324554}.Release|x64.ActiveCfg = Release|x64
		{1922FB8F-1D1F-4712-81DF-1FC149324554}.Release|x64.Build.0 = Release|x64
		{1922FB8F-1D1F-4712-81DF-1FC149324554}.Release|x86.ActiveCfg = Release|Win32
		{1922FB8F-1D1F-4712-81DF-1FC149324554}.Release|x86.Build.0 = Release|Win32
		{FB70F83E-B157-4865-A906-8CB4CA93A19F}.Debug|x64.ActiveCfg = Debug|x64
		{FB70F83E-B157-4865-A906-8CB4CA93A19F}.Debug|x64.Build.0 = Debug|x64
		{FB70F83E-B157-4865-A906-8CB4CA93A19F}.Debug|x86.ActiveCfg = Debug|Win32
		{FB70F83E-B157-4865-A906-8CB4CA93A19F}.Debug|x86.Build.0 = Debug|Win32
		{FB70F83E-B157-4865-A906-8CB4CA93A19F}.Release|x64.ActiveCfg = Release|x64
		{FB70F83E-B157-4865-A906-8CB4CA93A19F}.Release|x64.Build.0 = Release|x64
		{FB70F83E-B157-4865-A906-8CB4CA93A19F}.Release|x86.ActiveCfg = Release|Win32
		{FB70F83E-B157-4865-A906-8CB4CA93A19F}.Release|x86.Build.0 = Release|Win32
		{48BB222B-7FA3-43BC-96D8-2B7957577128}.Debug|x64.ActiveCfg = Debug|x64
		{48BB222B-7FA3-43BC-96D8-2B7957577128}.Debug|x64.Build.0 = Debug|x64
		{48BB222B-7FA3-43BC-96D8-2B7957577128}.Debug|x86.ActiveCfg = Debug|Win32
		{48BB222B-7FA3-43BC-96D8-2B7957577128}.Debug|x86.Build.0 = Debug|Win32
		{48BB222B-7FA3-43BC-96D8-2B7957577128}.Release|x64.ActiveCfg = Release|x64
		{48BB222B-7FA3-43BC-96D8-2B7957577128}.Release|x64.Build.0 = Release|x64
		{48BB222B-7FA3-43BC-96D8-2B7957577128}.Release|x86.ActiveCfg = Release|Win32
		{48BB222B-7FA3-43BC-96D8-2B7957577128}.Release|x86.Build.0 = Release|Win32
		{D9807A78-04D3-4753-9660-4A2C57DDDA3F}.Debug|x64.ActiveCfg = Debug|x64
		{D9807A78-04D3-4753-9660-4A2C57DDDA3F}.Debug|x64.Build.0 = Debug|x64
		{D9807A78-04D3-4753-9660-4A2C57DDDA3F}.Debug|x86.ActiveCfg = Debug|Win32
		{D9807A78-04D3-4753-9660-4A2C57DDDA3F}.Debug|x86.Build.0 = Debug|Win32
		{D9807A78-04D3-4753-9660-4A2C57DDDA3F}.Release|x64.ActiveCfg = Release|x64
		{D9807A78-04D3-4753-9660-4A2C57DDDA3F}.Release|x64.Build.0 = Release|x64
		{D9807A78-04D3-4753-9660-4A2C57DDDA3F}.Release|x86.ActiveCfg = Release|Win32
		{D9807A78-04D3-4753-9660-4A2C57DDDA3F}.Release|x86.Build.0 = Release|Win32
		{961A4A79-6C18-4E50-80EE-27771A88F8A2}.Debug|x64.ActiveCfg = Debug|x64
		{961A4A79-6C18-4E50-80EE-27771A88F8A2}.Debug|x64.Build.0 = Debug|x64
		{961A4A79-6C18-4E50-80EE-27771A88F8A2}.Debug|x86.ActiveCfg = Debug|Win32
		{961A4A79-6C18-4E50-80EE-27771A88F8A2}.Debug|x86.Build.0 = Debug|Win32
		{961A4A79-6C18-4E50-80EE-27771A88F8A2}.Release|x64.ActiveCfg = Release|x64
		{961A4A79-6C18-4E50-80EE-27771A88F8A2}.Release|x64.Build.0 = Release|x64
		{961A4A79-6C18-4E50-80EE-27771A88F8A2}.Release|x86.ActiveCfg = Release|Win32
		{961A4A79-6C18-4E50-80EE-27771A88F8A2}.Release|x86.Build.0 = Release|Win32
		{5CAE44BA-80FD-48AD-8B2D-EFD44C7FA3E0}.Debug|x64.ActiveCfg = Debug|x64
		{5CAE44BA-80FD-48AD-8B2D-EFD44C7FA3E0}.Debug|x64.Build.0 = Debug|x64
		{5CAE44BA-80FD-48AD-8B2D-EFD44C7FA3E0}.Debug|x86.ActiveCfg = Debug|Win32
		{5CAE44BA-80FD-48AD-8B2D-EFD44C7FA3E0}.Debug|x86.Build.0 = Debug|Win32
		{5CAE44BA-80FD-48AD-8B2D-EFD44C7FA3E0}.Release|x64.ActiveCfg = Release|x64
		{5CAE44BA-80FD-48AD-8B2D-EFD44C7FA3E0}.Release|x64.Build.0 = Release|x64
		{5CAE44BA-80FD-48AD-8B2D-EFD44C7FA3E0}.Release|x86.ActiveCfg = Release|Win32
		{5CAE44BA-80FD-48AD-8B2D-EFD44C7FA3E0}.Release|x86.Build.0 = Release|Win32
		{CE6485B1-2366-47E5-949B-C6A602E39EF8}.Debug|x64.ActiveCfg = Debug|x64
		{CE6485B1-2366-47E5-949B-C6A602E39EF8}.Debug|x64.Build.0 = Debug|x64
		{CE6485B1-2366-47E5-949B-C6A602E39EF8}.Debug|x86.ActiveCfg = Debug|Win32
		{CE6485B1-2366-47E5-949B-C6A602E39EF8}.Debug|x86.Build.0 = Debug|Win32
		{CE6485B1-2366-47E5-949B-C6A602E39EF8}.Release|x64.ActiveCfg = Release|x64
		{CE6485B1-2366-47E5-949B-C6A602E39EF8}.Release|x64.Build.0 = Release|x64
		{CE6485B1-2366-47E5-949B-C6A602E39EF8}.Release|x86.ActiveCfg = Release|Win32
		{CE6485B1-2366-47E5-949B-C6A602E39EF8}.Release|x86.Build.0 = Release|Win32
		{EDD0C22F-803B-4EE5-A083-E21AFB25F53C}.Debug|x64.ActiveCfg = Debug|x64
		{EDD0C22F-803B-4EE5-A083-E21AFB25F53C}.Debug|x64.Build.0 = Debug|x64
		{EDD0C22F-803B-4EE5-A083-E21AFB25F53C}.Debug|x86.ActiveCfg = Debug|Win32
		{EDD0C22F-803B-4EE5-A083-E21AFB25F53C}.Debug|x86.Build.0 = Debug|Win32
		{EDD0C22F-803B-4EE5-A083-E21AFB25F53C}.Release|x64.ActiveCfg = Release|x64
		{EDD0C22F-803B-4EE5-A083-E21AFB25F53C}.Release|x64.Build.0 = Release|x64
		{EDD0C22F-803B-4EE5-A083-E21AFB25F53C}.Release|x86.ActiveCfg = Release|Win32
		{EDD0C22F-803B-4EE5-A083-E21AFB25F53C}.Release|x86.Build.0 = Release|Win32
		{1F3EEFCD-7002-4925-93C8-D259590F51C0}.Debug|x64.ActiveCfg = Debug|x64
		{1F3EEFCD-7002-4925-93C8-D259590F51C0}.Debug|x64.Build.0 = Debug|x64
		{1F3EEFCD-7002-4925-93C8-D259590F51C0}.Debug|x86.ActiveCfg = Debug|Win32
		{1F3EEFCD-7002-4925-93C8-D259590F51C0}.Debug|x86.Build.0 = Debug|Win32
		{1F3EEFCD-7002-4925-93C8-D259590F51C0}.Release|x64.ActiveCfg = Release|x64
		{1F3EEFCD-7002-4925-93C8-D259590F51C0}.Release|x64.Build.0 = Release|x64
		{1F3EEFCD-7002-4925-93C8-D259590F51C0}.Release|x86.ActiveCfg = Release|Win32
		{1F3EEFCD-7002-4925-93C8-D259590F51C0}.Release|x86.Build.0 = Release|Win32
		{CB503C29-93BD-4A14-BDEE-6C8990B79567}.Debug|x64.ActiveCfg = Debug|x64
		{CB503C29-93BD-4A14-BDEE-6C8990B79567}.Debug|x64.Build.0 = Debug|x64
		{CB503C29-93BD-4A14-BDEE-6C8990B79567}.Debug|x86.ActiveCfg = Debug|Win32
		{CB503C29-93BD-4A14-BDEE-6C8990B79567}.Debug|x86.Build.0 = Debug|Win32
		{CB503C29-93BD-4A14-BDEE-6C8990B79567}.Release|x64.ActiveCfg = Release|x64
		{CB503C29-93BD-4A14-BDEE-6C8990B79567}.Release|x64.Build.0 = Release|x64
		{CB503C29-93BD-4A14-BDEE-6C8990B79567}.Release|x86.ActiveCfg = Release|Win32
		{CB503C29-93BD-4A14-BDEE-6C8990B79567}.Release|x86.Build.0 = Release|Win32
		{C8617366-009D-499A-A891-3BAD03081517}.Debug|x64.ActiveCfg = Debug|x64
		{C8617366-009D-499A-A891-3BAD03081517}.Debug|x64.Build.0 = Debug|x64
		{C8617366-009D-499A-A891-3BAD03081517}.Debug|x86.ActiveCfg = Debug|Win32
		{C8617366-009D-499A-A891-3BAD03081517}.Debug|x86.Build.0 = Debug|Win32
		{C8617366-009D-499A-A891-3BAD03081517}.Release|x64.ActiveCfg = Release|x64
		{C8617366-009D-499A-A891-3BAD03081517}.Release|x64.Build.0 = Release|x64
		{C8617366-009D-499A-A891-3BAD03081517}.Release|x86.ActiveCfg = Release|Win32
		{C8617366-009D-499A-A891-3BAD03081517}.Release|x86.Build.0 = Release|Win32
		{8C2A97D3-993E-42C4-BB98-DF926003AB8F}.Debug|x64.ActiveCfg = Debug|x64
		{8C2A97D3-993E-42C4-BB98-DF926003AB8F}.Debug|x64.Build.0 = Debug|x64
		{8C2A97D3-993E-42C4-BB98-DF926003AB8F}.Debug|x86.ActiveCfg = Debug|Win32
		{8C2A97D3-993E-42C4-BB98-DF926003AB8F}.Debug|x86.Build.0 = Debug|Win32
		{8C2A97D3-993E-42C4-BB98-DF926003AB8F}.Release|x64.ActiveCfg = Release|x64
		{8C2A97D3-993E-42C4-BB98-DF926003AB8F}.Release|x64.Build.0 = Release|x64
		{8C2A97D3-993E-42C4-BB98-DF926003AB8F}.Release|x86.ActiveCfg = Release|Win32
		{8C2A97D3-993E-42C4-BB98-DF926003AB8F}.Release|x86.Build.0 = Release|Win32
		{E289829F-CD39-4DBB-BD42-1F099F9B4C62}.Debug|x64.ActiveCfg = Debug|x64
		{E289829F-CD39-4DBB-BD42-1F099F9B4C62}.Debug|x64.Build.0 = Debug|x64
		{E289829F-CD39-4DBB-BD42-1F099F9B4C62}.Debug|x86.ActiveCfg = Debug|Win32
		{E289829F-CD39-4DBB-BD42-1F099F9B4C62}.Debug|x86.Build.0 = Debug|Win32
		{E289829F-CD39-4DBB-BD42-1F099F9B4C62}.Release|x64.ActiveCfg = Release|x64
		{E289829F-CD39-4DBB-BD42-1F099F9B4C62}.Release|x64.Build.0 = Release|x64
		{E289829F-CD39-4DBB-BD42-1F099F9B4C62}.Release|x86.ActiveCfg = Release|Win32
		{E289829F-CD39-4DBB-BD42-1F099F9B4C62}.Release|x86.Build.0 = Release|Win32
		{6B5A7758-9859-4E93-AD7A-45F9712EDAD1}.Debug|x64.ActiveCfg = Debug|x64
		{6B5A7758-9859-4E93-AD7A-45F9712EDAD1}.Debug|x64.Build.0 = Debug|x64
		{6B5A7758-9859-4E93-AD7A-45F9712EDAD1}.Debug|x86.ActiveCfg = Debug|Win32
		{6B5A7758-9859-4E93-AD7A-45F9712EDAD1}.Debug|x86.Build.0 = Debug|Win32
		{6B5A7758-9859-4E93-AD7A-45F9712EDAD1}.Release|x64.ActiveCfg = Release|x64
		{6B5A7758-9859-4E93-AD7A-45F9712EDAD1}.Release|x64.Build.0 = Release|x64
		{6B5A7758-9859-4E93-AD7A-45F9712EDAD1}.Release|x86.ActiveCfg = Release|Win32
		{6B5A7758-9859-4E93-AD7A-45F9712EDAD1}.Release|x86.Build.0 = Release|Win32
		{F1B33338-F0FD-41FD-8650-206D9EC812B1}.Debug|x64.ActiveCfg = Debug|x64
		{F1B33338-F0FD-41FD-8650-206D9EC812B1}.Debug|x64.Build.0 = Debug|x64
		{F1B33338-F0FD-41FD-8650-206D9EC812B1}.Debug|x86.ActiveCfg = Debug|Win32
		{F1B33338-F0FD-41FD-8650-206D9EC812B1}.Debug|x86.Build.0 = Debug|Win32
		{F1B33338-F0FD-41FD-8650-206D9EC812B1}.Release|x64.ActiveCfg = Release|x64
		{F1B33338-F0FD-41FD-8650-206D9EC812B1}.Release|x64.Build.0 = Release|x64
		{F1B33338-F0FD-41FD-8650-206D9EC812B1}.Release|x86.ActiveCfg = Release|Win32
		{F1B33338-F0FD-41FD-8650-206D9EC812B1}.Release|x86.Build.0 = Release|Win32
		{C392747A-4CB3-41B6-AC09-1218EF36AF29}.Debug|x64.ActiveCfg = Debug|x64
		{C392747A-4CB3-41B6-AC09-1218EF36AF29}.Debug|x64.Build.0 = Debug|x64
		{C392747A-4CB3-41B6-AC09-1218EF36AF29}.Debug|x86.ActiveCfg = Debug|Win32
		{C392747A-4CB3-41B6-AC09-1218EF36AF29}.Debug|x86.Build.0 = Debug|Win32
		{C392747A-4CB3-41B6-AC09-1218EF36AF29}.Release|x64.ActiveCfg = Release|x64
		{C392747A-4CB3-41B6-AC09-1218EF36AF29}.Release|x64.Build.0 = Release|x64
		{C392747A-4CB3-41B6-AC09-1218EF36AF29}.Release|x86.ActiveCfg = Release|Win32
		{C392747A-4CB3-41B6-AC09-1218EF36AF29}.Release|x86.Build.0 = Release|Win32
		{9C690F97-E861-4083-A30A-6103C7A45A64}.Debug|x64.ActiveCfg = Debug|x64
		{9C690F97-E861-4083-A30A-6103C7A45A64}.Debug|x64.Build.0 = Debug|x64
		{9C690F97-E861-4083-A30A-6103C7A45A64}.Debug|x86.ActiveCfg = Debug|Win32
		{9C690F97-E861-4083-A30A-6103C7A45A64}.Debug|x86.Build.0 = Debug|Win32
		{9C690F97-E861-4083-A30A-6103C7A45A64}.Release|x64.ActiveCfg = Release|x64
		{9C690F97-E861-4083-A30A-6103C7A45A64}.Release|x64.Build.0 = Release|x64
		{9C690F97-E861-4083-A30A-6103C7A45A64}.Release|x86.ActiveCfg = Release|Win32
		{9C690F97-E861-4083-A30A-6103C7A45A64}.Release|x86.Build.0 = Release|Win32
		{CE9689E0-6B3B-4B2F-BB7A-105B69650D48}.Debug|x64.ActiveCfg = Debug|x64
		{CE9689E0-6B3B-4B2F-BB7A-105B69650D48}.Debug|x64.Build.0 = Debug|x64
		{CE9689E0-6B3B-4B2F-BB7A-105B69650D48}.Debug|x86.ActiveCfg = Debug|Win32
		{CE9689E0-6B3B-4B2F-BB7A-105B69650D48}.Debug|x86.Build.0 = Debug|Win32
		{CE9689E0-6B3B-4B2F-BB7A-105B69650D48}.Release|x64.ActiveCfg = Release|x64
		{CE9689E0-6B3B-4B2F-BB7A-105B69650D48}.Release|x64.Build.0 = Release|x64
		{CE9689E0-6B3B-4B2F-BB7A-105B69650D48}.Release|x86.ActiveCfg = Release|Win32
		{CE9689E0-6B3B-4B2F-BB7A-105B69650D48}.Release|x86.Build.0 = Release|Win32
		{279B58FC-DC77-465B-9606-AA6B56FBB854}.Debug|x64.ActiveCfg = Debug|x64
		{279B58FC-DC77-465B-9606-AA6B56FBB854}.Debug|x64.Build.0 = Debug|x64
		{279B58FC-DC77-465B-9606-AA6B56FBB854}.Debug|x86.ActiveCfg = Debug|Win32
		{279B58FC-DC77-465B-9606-AA6B56FBB854}.Debug|x86.Build.0 = Debug|Win32
		{279B58FC-DC77-465B-9606-AA6B56FBB854}.Release|x64.ActiveCfg = Release|x64
		{279B58FC-DC77-465B-9606-AA6B56FBB854}.Release|x64.Build.0 = Release|x64
		{279B58FC-DC77-465B-9606-AA6B56FBB854}.Release|x86.ActiveCfg = Release|Win32
		{279B58FC-DC77-465B-9606-AA6B56FBB854}.Release|x86.Build.0 = Release|Win32
		{325193C9-D678-419B-9F3A-4B35307DADC3}.Debug|x64.ActiveCfg = Debug|x64
		{325193C9-D678-419B-9F3A-4B35307DADC3}.Debug|x64.Build.0 = Debug|x64
		{325193C9-D678-419B-9F3A-4B35307DADC3}.Debug|x86.ActiveCfg = Debug|Win32
		{325193C9-D678-419B-9F3A-4B35307DADC3}.Debug|x86.Build.0 = Debug|Win32
		{325193C9-D678-419B-9F3A-4B35307DADC3}.Release|x64.ActiveCfg = Release|x64
		{325193C9-D678-419B-9F3A-4B35307DADC3}.Release|x64.Build.0 = Release|x64
		{325193C9-D678-419B-9F3A-4B35307DADC3}.Release|x86.ActiveCfg = Release|Win32
		{325193C9-D678-419B-9F3A-4B35307DADC3}.Release|x86.Build.0 = Release|Win32
		{422BED69-D1E7-43E8-B2EC-F0A3827368E6}.Debug|x64.ActiveCfg = Debug|x64
		{422BED69-D1E7-43E8-B2EC-F0A3827368E6}.Debug|x64.Build.0 = Debug|x64
		{422BED69-D1E7-43E8-B2EC-F0A3827368E6}.Debug|x86.ActiveCfg = Debug|Win32
		{422BED69-D1E7-43E8-B2EC-F0A3827368E6}.Debug|x86.Build.0 = Debug|Win32
		{422BED69-D1E7-43E8-B2EC-F0A3827368E6}.Release|x64.ActiveCfg = Release|x64
		{422BED69-D1E7-43E8-B2EC-F0A3827368E6}.Release|x64.Build.0 = Release|x64
		{422BED69-D1E7-43E8-B2EC-F0A3827368E6}.Release|x86.ActiveCfg = Release|Win32
		{422BED69-D1E7-43E8-B2EC-F0A3827368E6}.Release|x86.Build.0 = Release|Win32
		{564F4DC8-2FA0-4F71-AC1C-668F7BD45D0D}.Debug|x64.ActiveCfg = Debug|x64
		{564F4DC8-2FA0-4F71-AC1C-668F7BD45D0D}.Debug|x64.Build.0 = Debug|x64
		{564F4DC8-2FA0-4F71-AC1C-668F7BD45D0D}.Debug|x86.ActiveCfg = Debug|Win32
		{564F4DC8-2FA0-4F71-AC1C-668F7BD45D0D}.Debug|x86.Build.0 = Debug|Win32
		{564F4DC8-2FA0-4F71-AC1C-668F7BD45D0D}.Release|x64.ActiveCfg = Release|x64
		{564F4DC8-2FA0-4F71-AC1C-668F7BD45D0D}.Release|x64.Build.0 = Release|x64
		{564F4DC8-2FA0-4F71-AC1C-668F7BD45D0D}.Release|x86.ActiveCfg = Release|Win32
		{564F4DC8-2FA0-4F71-AC1C-668F7BD45D0D}.Release|x86.Build.0 = Release|Win32
		{4A2E93DF-89C4-4154-9E36-BF24E2E11CD1}.Debug|x64.ActiveCfg = Debug|x64
		{4A2E93DF-89C4-4154-9E36-BF24E2E11CD1}.Debug|x64.Build.0 = Debug|x64
		{4A2E93DF-89C4-4154-9E36-BF24E2E11CD1}.Debug|x86.ActiveCfg = Debug|Win32
		{4A2E93DF-89C4-4154-9E36-BF24E2E11CD1}.Debug|x86.Build.0 = Debug|Win32
		{4A2E93DF-89C4-4154-9E36-BF24E2E11CD1}.Release|x64.ActiveCfg = Release|x64
		{4A2E93DF-89C4-4154-9E36-BF24E2E11CD1}.Release|x64.Build.0 = Release|x64
		{4A2E93DF-89C4-4154-9E36-BF24E2E11CD1}.Release|x86.ActiveCfg = Release|Win32
		{4A2E93DF-89C4-4154-9E36-BF24E2E11CD1}.Release|x86.Build.0 = Release|Win32
		{300C44E6-9517-4036-9017-41FC45383EE5}.Debug|x64.ActiveCfg = Debug|x64
		{300C44E6-9517-4036-9017-41FC45383EE5}.Debug|x64.Build.0 = Debug|x64
		{300C44E6-9517-4036-9017-41FC45383EE5}.Debug|x86.ActiveCfg = Debug|Win32
		{300C44E6-9517-4036-9017-41FC45383EE5}.Debug|x86.Build.0 = Debug|Win32
		{300C44E6-9517-4036-9017-41FC45383EE5}.Release|x64.ActiveCfg = Release|x64
		{300C44E6-9517-4036-9017-41FC45383EE5}.Release|x64.Build.0 = Release|x64
		{300C44E6-9517-4036-9017-41FC45383EE5}.Release|x86.ActiveCfg = Release|Win32
		{300C44E6-9517-4036-9017-41FC45383EE5}.Release|x86.Build.0 = Release|Win32
		{8CB78419-E37F-4235-A7AE-D75A402F80B0}.Debug|x64.ActiveCfg = Debug|x64
		{8CB78419-E37F-4235-A7AE-D75A402F80B0}.Debug|x64.Build.0 = Debug|x64
		{8CB78419-E37F-4235-A7AE-D75A402F80B0}.Debug|x86.ActiveCfg = Debug|Win32
		{8CB78419-E37F-4235-A7AE-D75A402F80B0}.Debug|x86.Build.0 = Debug|Win32
		{8CB78419-E37F-4235-A7AE-D75A402F80B0}.Release|x64.ActiveCfg = Release|x64
		{8CB78419-E37F-4235-A7AE-D75A402F80B0}.Release|x64.Build.0 = Release|x64
		{8CB78419-E37F-4235-A7AE-D75A402F80B0}.Release|x86.ActiveCfg = Release|Win32
		{8CB78419-E37F-4235-A7AE-D75A402F80B0}.Release|x86.Build.0 = Release|Win32
		{4BEB0099-BF7B-4785-A931-A5C1D5EA4637}.Debug|x64.ActiveCfg = Debug|x64
		{4BEB0099-BF7B-4785-A931-A5C1D5EA4637}.Debug|x64.Build.0 = Debug|x64
		{4BEB0099-BF7B-4785-A931-A5C1D5EA4637}.Debug|x86.ActiveCfg = Debug|Win32
		{4BEB0099-BF7B-4785-A931-A5C1D5EA4637}.Debug|x86.Build.0 = Debug|Win32
		{4BEB0099-BF7B-4785-A931-A5C1D5EA4637}.Release|x64.ActiveCfg = Release|x64
		{4BEB0099-BF7B-4785-A931-A5C1D5EA4637}.Release|x64.Build.0 = Release|x64
		{4BEB0099-BF7B-4785-A931-A5C1D5EA4637}.Release|x86.ActiveCfg = Release|Win32
		{4BEB0099-BF7B-4785-A931-A5C1D5EA4637}.Release|x86.Build.0 = Release|Win32
		{3941438D-60B0-47E2-A8D2-B36BD0E1D692}.Debug|x64.ActiveCfg = Debug|x64
		{3941438D-60B0-47E2-A8D2-B36BD0E1D692}.Debug|x64.Build.0 = Debug|x64
		{3941438D-60B0-47E2-A8D2-B36BD0E1D692}.Debug|x86.ActiveCfg = Debug|Win32
		{3941438D-60B0-47E2-A8D2-B36BD0E1D692}.Debug|x86.Build.0 = Debug|Win32
		{3941438D-60B0-47E2-A8D2-B36BD0E1D692}.Release|x64.ActiveCfg = Release|x64
		{3941438D-60B0-47E2-A8D2-B36BD0E1D692}.Release|x64.Build.0 = Release|x64
		{3941438D-60B0-47E2-A8D2-B36BD0E1D692}.Release|x86.ActiveCfg = Release|Win32
		{3941438D-60B0-47E2-A8D2-B36BD0E1D692}.Release|x86.Build.0 = Release|Win32
		{F96FD9D1-FC2C-4137-B9F4-548D5522C8E6}.Debug|x64.ActiveCfg = Debug|x64
		{F96FD9D1-FC2C-4137-B9F4-548D5522C8E6}.Debug|x64.Build.0 = Debug|x64
		{F96FD9D1-FC2C-4137-B9F4-548D5522C8E6}.Debug|x86.ActiveCfg = Debug|Win32
		{F96FD9D1-FC2C-4137-B9F4-548D5522C8E6}.Debug|x86.Build.0 = Debug|Win32
		{F96FD9D1-FC2C-4137-B9F4-548D5522C8E6}.Release|x64.ActiveCfg = Release|x64
		{F96FD9D1-FC2C-4137-B9F4-548D5522C8E6}.Release|x64.Build.0 = Release|x64
		{F96FD9D1-FC2C-4137-B9F4-548D5522C8E6}.Release|x86.ActiveCfg = Release|Win32
		{F96FD9D1-FC2C-4137-B9F4-548D5522C8E6}.Release|x86.Build.0 = Release|Win32
		{BA790E90-4E42-4CF5-A206-DF1644A61EF3}.Debug|x64.ActiveCfg = Debug|x64
		{BA790E90-4E42-4CF5-A206-DF1644A61EF3}.Debug|x64.Build.0 = Debug|x64
		{BA790E90-4E42-4CF5-A206-DF1644A61EF3}.Debug|x86.ActiveCfg = Debug|Win32
		{BA790E90-4E42-4CF5-A206-DF1644A61EF3}.Debug|x86.Build.0 = Debug|Win32
		{BA790E90-4E42-4CF5-A206-DF1644A61EF3}.Release|x64.ActiveCfg = Release|x64
		{BA790E90-4E42-4CF5-A206-DF1644A61EF3}.Release|x64.Build.0 = Release|x64
		{BA790E90-4E42-4CF5-A206-DF1644A61EF3}.Release|x86.ActiveCfg = Release|Win32
		{BA790E90-4E42-4CF5-A206-DF1644A61EF3}.Release|x86.Build.0 = Release|Win32
		{D5495EF9-04D1-44DC-A566-FCA8E0DC4A55}.Debug|x64.ActiveCfg = Debug|x64
		{D5495EF9-04D1-44DC-A566-FCA8E0DC4A55}.Debug|x64.Build.0 = Debug|x64
		{D5495EF9-04D1-44DC-A566-FCA8E0DC4A55}.Debug|x86.ActiveCfg = Debug|Win32
		{D5495EF9-04D1-44DC-A566-FCA8E0DC4A55}.Debug|x86.Build.0 = Debug|Win32
		{D5495EF9-04D1-44DC-A566-FCA8E0DC4A55}.Release|x64.ActiveCfg = Release|x64
		{D5495EF9-04D1-44DC-A566-FCA8E0DC4A55}.Release|x64.Build.0 = Release|x64
		{D5495EF9-04D1-44DC-A566-FCA8E0DC4A55}.Release|x86.ActiveCfg = Release|Win32
		{D5495EF9-04D1-44DC-A566-FCA8E0DC4A55}.Release|x86.Build.0 = Release|Win32
		{E0F403B1-FD1E-4EF1-8123-AFCC65462E68}.Debug|x64.ActiveCfg = Debug|x64
		{E0F403B1-FD1E-4EF1-8123-AFCC65462E68}.Debug|x64.Build.0 = Debug|x64
		{E0F403B1-FD1E-4EF1-8123-AFCC65462E68}.Debug|x86.ActiveCfg = Debug|Win32
		{E0F403B1-FD1E-4EF1-8123-AFCC65462E68}.Debug|x86.Build.0 = Debug|Win32
		{E0F403B1-FD1E-4EF1-8123-AFCC65462E68}.Release|x64.ActiveCfg = Release|x64
		{E0F403B1-FD1E-4EF1-8123-AFCC65462E68}.Release|x64.Build.0 = Release|x64
		{E0F403B1-FD1E-4EF1-8123-AFCC65462E68}.Release|x86.ActiveCfg = Release|Win32
		{E0F403B1-FD1E-4EF1-8123-AFCC65462E68}.Release|x86.Build.0 = Release|Win32
		{ADA8AD05-9A14-41D9-9205-39C664DC27DF}.Debug|x64.ActiveCfg = Debug|x64
		{ADA8AD05-9A14-41D9-9205-39C664DC27DF}.Debug|x64.Build.0 = Debug|x64
		{ADA8AD05-9A14-41D9-9205-39C664DC27DF}.Debug|x86.ActiveCfg = Debug|Win32
		{ADA8AD05-9A14-41D9-9205-39C664DC27DF}.Debug|x86.Build.0 = Debug|Win32
		{ADA8AD05-9A14-41D9-9205-39C664DC27DF}.Release|x64.ActiveCfg = Release|x64
		{ADA8AD05-9A14-41D9-9205-39C664DC27DF}.Release|x64.Build.0 = Release|x64
		{ADA8AD05-9A14-41D9-9205-39C664DC27DF}.Release|x86.ActiveCfg = Release|Win32
		{ADA8AD05-9A14-41D9-9205-39C664DC27DF}.Release|x86.Build.0 = Release|Win32
		{132AC1B6-BEF0-4BC1-B8F8-CE4CDCA2CA6F}.Debug|x64.ActiveCfg = Debug|x64
		{132AC1B6-BEF0-4BC1-B8F8-CE4CDCA2CA6F}.Debug|x64.Build.0 = Debug|x64
		{132AC1B6-BEF0-4BC1-B8F8-CE4CDCA2CA6F}.Debug|x86.ActiveCfg = Debug|Win32
		{132AC1B6-BEF0-4BC1-B8F8-CE4CDCA2CA6F}.Debug|x86.Build.0 = Debug|Win32
		{132AC1B6-BEF0-4BC1-B8F8-CE4CDCA2CA6F}.Release|x64.ActiveCfg = Release|x64
		{132AC1B6-BEF0-4BC1-B8F8-CE4CDCA2CA6F}.Release|x64.Build.0 = Release|x64
		{132AC1B6-BEF0-4BC1-B8F8-CE4CDCA2CA6F}.Release|x86.ActiveCfg = Release|Win32
		{132AC1B6-BEF0-4BC1-B8F8-CE4CDCA2CA6F}.Release|x86.Build.0 = Release|Win32
	EndGlobalSection
	GlobalSection(SolutionProperties) = preSolution
		HideSolutionNode = FALSE
	EndGlobalSection
	GlobalSection(ExtensibilityGlobals) = postSolution
		SolutionGuid = {E68CD1F7-BE19-4BBC-BA37-1D1D3D436FD4}
	EndGlobalSection
EndGlobal
